dependencies:
  espressif/esp_encrypted_img:
    component_hash: 1c34d5b0e70a3878e63fe2bedb00824bcf83c30d9b020029c38400d0d14fe182
    source:
      service_url: https://api.components.espressif.com/
      type: service
    version: 2.1.0
  espressif/esp_secure_cert_mgr:
    component_hash: a20007d67e65a000670ab77e45d7554c943eb8dcb0abeada0a57dd9adac3a703
    source:
      service_url: https://api.components.espressif.com/
      type: service
    version: 2.4.1
  idf:
    component_hash: null
    source:
      type: idf
    version: 5.2.1
manifest_hash: 99fbcee0aa0f0c8691c5d3c860eb3fcb91956d789e36134ac4006ad7e2a3b399
target: esp32h2
version: 1.0.0
